{
  "name": "base-decoder",
  "version": "1.0.0",
  "lockfileVersion": 2,
  "requires": true,
  "packages": {
    "": {
      "name": "base-decoder",
      "version": "1.0.0",
      "license": "ISC",
      "dependencies": {
        "base65536": "^4.0.0"
      }
    },
    "node_modules/base65536": {
      "version": "4.0.0",
      "resolved": "https://registry.nlark.com/base65536/download/base65536-4.0.0.tgz",
      "integrity": "sha1-bRJyRjrKHFUNnuH9i19e1k3tQzw="
    }
  },
  "dependencies": {
    "base65536": {
      "version": "4.0.0",
      "resolved": "https://registry.nlark.com/base65536/download/base65536-4.0.0.tgz",
      "integrity": "sha1-bRJyRjrKHFUNnuH9i19e1k3tQzw="
    }
  }
}
